// !$*UTF8*$!
{
	archiveVersion = 1;
	classes = {};
	objectVersion = 56;
	objects = {

/* Begin PBXBuildFile section */
		A10000000000000000000001 /* MobileAgentApp.swift in Sources */ = {isa = PBXBuildFile; fileRef = A20000000000000000000001 /* MobileAgentApp.swift */; };
		A10000000000000000000002 /* Models.swift in Sources */ = {isa = PBXBuildFile; fileRef = A20000000000000000000002 /* Models.swift */; };
		A10000000000000000000003 /* KeychainStore.swift in Sources */ = {isa = PBXBuildFile; fileRef = A20000000000000000000003 /* KeychainStore.swift */; };
		A10000000000000000000004 /* KimiClient.swift in Sources */ = {isa = PBXBuildFile; fileRef = A20000000000000000000004 /* KimiClient.swift */; };
		A10000000000000000000006 /* IOSDeviceRuntime.swift in Sources */ = {isa = PBXBuildFile; fileRef = A20000000000000000000006 /* IOSDeviceRuntime.swift */; };
		A10000000000000000000007 /* AgentSession.swift in Sources */ = {isa = PBXBuildFile; fileRef = A20000000000000000000007 /* AgentSession.swift */; };
		A10000000000000000000008 /* MobileAgentIntents.swift in Sources */ = {isa = PBXBuildFile; fileRef = A20000000000000000000008 /* MobileAgentIntents.swift */; };
		A10000000000000000000009 /* ContentView.swift in Sources */ = {isa = PBXBuildFile; fileRef = A20000000000000000000009 /* ContentView.swift */; };
		A1000000000000000000000A /* PiCoreFixtureRunner.swift in Sources */ = {isa = PBXBuildFile; fileRef = A2000000000000000000000C /* PiCoreFixtureRunner.swift */; };
		A1000000000000000000000B /* BenchmarkRunStore.swift in Sources */ = {isa = PBXBuildFile; fileRef = A2000000000000000000000D /* BenchmarkRunStore.swift */; };
/* End PBXBuildFile section */

/* Begin PBXFileReference section */
		A20000000000000000000001 /* MobileAgentApp.swift */ = {isa = PBXFileReference; lastKnownFileType = sourcecode.swift; path = MobileAgentApp.swift; sourceTree = "<group>"; };
		A20000000000000000000002 /* Models.swift */ = {isa = PBXFileReference; lastKnownFileType = sourcecode.swift; path = Models/Models.swift; sourceTree = "<group>"; };
		A20000000000000000000003 /* KeychainStore.swift */ = {isa = PBXFileReference; lastKnownFileType = sourcecode.swift; path = Security/KeychainStore.swift; sourceTree = "<group>"; };
		A20000000000000000000004 /* KimiClient.swift */ = {isa = PBXFileReference; lastKnownFileType = sourcecode.swift; path = Agent/KimiClient.swift; sourceTree = "<group>"; };
		A20000000000000000000006 /* IOSDeviceRuntime.swift */ = {isa = PBXFileReference; lastKnownFileType = sourcecode.swift; path = Runtime/IOSDeviceRuntime.swift; sourceTree = "<group>"; };
		A20000000000000000000007 /* AgentSession.swift */ = {isa = PBXFileReference; lastKnownFileType = sourcecode.swift; path = Session/AgentSession.swift; sourceTree = "<group>"; };
		A20000000000000000000008 /* MobileAgentIntents.swift */ = {isa = PBXFileReference; lastKnownFileType = sourcecode.swift; path = Intents/MobileAgentIntents.swift; sourceTree = "<group>"; };
		A20000000000000000000009 /* ContentView.swift */ = {isa = PBXFileReference; lastKnownFileType = sourcecode.swift; path = Views/ContentView.swift; sourceTree = "<group>"; };
		A2000000000000000000000A /* Info.plist */ = {isa = PBXFileReference; lastKnownFileType = text.plist.xml; path = Info.plist; sourceTree = "<group>"; };
		A2000000000000000000000B /* MobileAgent.app */ = {isa = PBXFileReference; explicitFileType = wrapper.application; includeInIndex = 0; path = MobileAgent.app; sourceTree = BUILT_PRODUCTS_DIR; };
		A2000000000000000000000C /* PiCoreFixtureRunner.swift */ = {isa = PBXFileReference; lastKnownFileType = sourcecode.swift; path = Runtime/PiCoreFixtureRunner.swift; sourceTree = "<group>"; };
		A2000000000000000000000D /* BenchmarkRunStore.swift */ = {isa = PBXFileReference; lastKnownFileType = sourcecode.swift; path = Runtime/BenchmarkRunStore.swift; sourceTree = "<group>"; };
/* End PBXFileReference section */

/* Begin PBXFrameworksBuildPhase section */
		A30000000000000000000001 /* Frameworks */ = {
			isa = PBXFrameworksBuildPhase;
			buildActionMask = 2147483647;
			files = ();
			runOnlyForDeploymentPostprocessing = 0;
		};
/* End PBXFrameworksBuildPhase section */

/* Begin PBXGroup section */
		A40000000000000000000001 = {
			isa = PBXGroup;
			children = (
				A40000000000000000000002 /* MobileAgent */,
				A40000000000000000000003 /* Products */,
			);
			sourceTree = "<group>";
		};
		A40000000000000000000002 /* MobileAgent */ = {
			isa = PBXGroup;
			children = (
				A20000000000000000000001 /* MobileAgentApp.swift */,
				A20000000000000000000002 /* Models.swift */,
				A20000000000000000000003 /* KeychainStore.swift */,
				A20000000000000000000004 /* KimiClient.swift */,
				A20000000000000000000006 /* IOSDeviceRuntime.swift */,
				A20000000000000000000007 /* AgentSession.swift */,
				A20000000000000000000008 /* MobileAgentIntents.swift */,
				A20000000000000000000009 /* ContentView.swift */,
				A2000000000000000000000C /* PiCoreFixtureRunner.swift */,
				A2000000000000000000000D /* BenchmarkRunStore.swift */,
				A2000000000000000000000A /* Info.plist */,
			);
			path = MobileAgent;
			sourceTree = "<group>";
		};
		A40000000000000000000003 /* Products */ = {
			isa = PBXGroup;
			children = (A2000000000000000000000B /* MobileAgent.app */);
			name = Products;
			sourceTree = "<group>";
		};
/* End PBXGroup section */

/* Begin PBXNativeTarget section */
		A50000000000000000000001 /* MobileAgent */ = {
			isa = PBXNativeTarget;
			buildConfigurationList = A90000000000000000000002 /* Build configuration list for PBXNativeTarget "MobileAgent" */;
			buildPhases = (
				A30000000000000000000002 /* Sources */,
				A30000000000000000000001 /* Frameworks */,
				A30000000000000000000003 /* Resources */,
				A30000000000000000000004 /* Bundle Pi mobile runtime */,
			);
			buildRules = ();
			dependencies = ();
			name = MobileAgent;
			productName = MobileAgent;
			productReference = A2000000000000000000000B /* MobileAgent.app */;
			productType = "com.apple.product-type.application";
		};
/* End PBXNativeTarget section */

/* Begin PBXProject section */
		A60000000000000000000001 /* Project object */ = {
			isa = PBXProject;
			attributes = {
				BuildIndependentTargetsInParallel = 1;
				LastSwiftUpdateCheck = 2660;
				LastUpgradeCheck = 2660;
				TargetAttributes = { A50000000000000000000001 = { CreatedOnToolsVersion = 26.0; }; };
			};
			buildConfigurationList = A90000000000000000000001 /* Build configuration list for PBXProject "MobileAgentIOS" */;
			compatibilityVersion = "Xcode 14.0";
			developmentRegion = en;
			hasScannedForEncodings = 0;
			knownRegions = (en, Base);
			mainGroup = A40000000000000000000001;
			productRefGroup = A40000000000000000000003 /* Products */;
			projectDirPath = "";
			projectRoot = "";
			targets = (A50000000000000000000001 /* MobileAgent */);
		};
/* End PBXProject section */

/* Begin PBXResourcesBuildPhase section */
		A30000000000000000000003 /* Resources */ = {
			isa = PBXResourcesBuildPhase;
			buildActionMask = 2147483647;
			files = ();
			runOnlyForDeploymentPostprocessing = 0;
		};
/* End PBXResourcesBuildPhase section */

/* Begin PBXShellScriptBuildPhase section */
		A30000000000000000000004 /* Bundle Pi mobile runtime */ = {
			isa = PBXShellScriptBuildPhase;
			alwaysOutOfDate = 1;
			buildActionMask = 2147483647;
			files = ();
			inputFileListPaths = ();
			inputPaths = ();
			name = "Bundle Pi mobile runtime";
			outputFileListPaths = ();
			outputPaths = ();
			runOnlyForDeploymentPostprocessing = 0;
			shellPath = /bin/sh;
			shellScript = "set -e\ncd \"${SRCROOT}/../..\"\nnpm run pi:bundle:webview\nmkdir -p \"${TARGET_BUILD_DIR}/${UNLOCALIZED_RESOURCES_FOLDER_PATH}\"\ncp \"dist/pi-webview/pi-mobile-runtime.js\" \"${TARGET_BUILD_DIR}/${UNLOCALIZED_RESOURCES_FOLDER_PATH}/pi-mobile-runtime.js\"\n";
		};
/* End PBXShellScriptBuildPhase section */

/* Begin PBXSourcesBuildPhase section */
		A30000000000000000000002 /* Sources */ = {
			isa = PBXSourcesBuildPhase;
			buildActionMask = 2147483647;
			files = (
				A10000000000000000000001 /* MobileAgentApp.swift in Sources */,
				A10000000000000000000002 /* Models.swift in Sources */,
				A10000000000000000000003 /* KeychainStore.swift in Sources */,
				A10000000000000000000004 /* KimiClient.swift in Sources */,
				A10000000000000000000006 /* IOSDeviceRuntime.swift in Sources */,
				A10000000000000000000007 /* AgentSession.swift in Sources */,
				A10000000000000000000008 /* MobileAgentIntents.swift in Sources */,
				A10000000000000000000009 /* ContentView.swift in Sources */,
				A1000000000000000000000A /* PiCoreFixtureRunner.swift in Sources */,
				A1000000000000000000000B /* BenchmarkRunStore.swift in Sources */,
			);
			runOnlyForDeploymentPostprocessing = 0;
		};
/* End PBXSourcesBuildPhase section */

/* Begin XCBuildConfiguration section */
		A70000000000000000000001 /* Debug */ = {
			isa = XCBuildConfiguration;
			buildSettings = {
				ALWAYS_SEARCH_USER_PATHS = NO;
				CLANG_ENABLE_MODULES = YES;
				DEBUG_INFORMATION_FORMAT = dwarf;
				ENABLE_TESTABILITY = YES;
				GCC_OPTIMIZATION_LEVEL = 0;
				GCC_PREPROCESSOR_DEFINITIONS = ("DEBUG=1", "$(inherited)");
				IPHONEOS_DEPLOYMENT_TARGET = 17.0;
				ONLY_ACTIVE_ARCH = YES;
				SDKROOT = iphoneos;
				SWIFT_ACTIVE_COMPILATION_CONDITIONS = DEBUG;
				SWIFT_OPTIMIZATION_LEVEL = "-Onone";
			};
			name = Debug;
		};
		A70000000000000000000002 /* Release */ = {
			isa = XCBuildConfiguration;
			buildSettings = {
				ALWAYS_SEARCH_USER_PATHS = NO;
				CLANG_ENABLE_MODULES = YES;
				DEBUG_INFORMATION_FORMAT = "dwarf-with-dsym";
				IPHONEOS_DEPLOYMENT_TARGET = 17.0;
				SDKROOT = iphoneos;
				SWIFT_COMPILATION_MODE = wholemodule;
				SWIFT_OPTIMIZATION_LEVEL = "-O";
			};
			name = Release;
		};
		A80000000000000000000001 /* Debug */ = {
			isa = XCBuildConfiguration;
			buildSettings = {
				CODE_SIGN_STYLE = Automatic;
				CURRENT_PROJECT_VERSION = 1;
				ENABLE_USER_SCRIPT_SANDBOXING = NO;
				GENERATE_INFOPLIST_FILE = NO;
				INFOPLIST_FILE = MobileAgent/Info.plist;
				IPHONEOS_DEPLOYMENT_TARGET = 17.0;
				MARKETING_VERSION = 0.1.0;
				PRODUCT_BUNDLE_IDENTIFIER = ai.mobileagent.ios;
				PRODUCT_NAME = "$(TARGET_NAME)";
				SUPPORTED_PLATFORMS = "iphoneos iphonesimulator";
				SUPPORTS_MACCATALYST = NO;
				SWIFT_EMIT_LOC_STRINGS = YES;
				SWIFT_STRICT_CONCURRENCY = complete;
				SWIFT_VERSION = 6.0;
				TARGETED_DEVICE_FAMILY = "1,2";
			};
			name = Debug;
		};
		A80000000000000000000002 /* Release */ = {
			isa = XCBuildConfiguration;
			buildSettings = {
				CODE_SIGN_STYLE = Automatic;
				CURRENT_PROJECT_VERSION = 1;
				ENABLE_USER_SCRIPT_SANDBOXING = NO;
				GENERATE_INFOPLIST_FILE = NO;
				INFOPLIST_FILE = MobileAgent/Info.plist;
				IPHONEOS_DEPLOYMENT_TARGET = 17.0;
				MARKETING_VERSION = 0.1.0;
				PRODUCT_BUNDLE_IDENTIFIER = ai.mobileagent.ios;
				PRODUCT_NAME = "$(TARGET_NAME)";
				SUPPORTED_PLATFORMS = "iphoneos iphonesimulator";
				SUPPORTS_MACCATALYST = NO;
				SWIFT_EMIT_LOC_STRINGS = YES;
				SWIFT_STRICT_CONCURRENCY = complete;
				SWIFT_VERSION = 6.0;
				TARGETED_DEVICE_FAMILY = "1,2";
			};
			name = Release;
		};
/* End XCBuildConfiguration section */

/* Begin XCConfigurationList section */
		A90000000000000000000001 /* Build configuration list for PBXProject "MobileAgentIOS" */ = {
			isa = XCConfigurationList;
			buildConfigurations = (A70000000000000000000001 /* Debug */, A70000000000000000000002 /* Release */);
			defaultConfigurationIsVisible = 0;
			defaultConfigurationName = Release;
		};
		A90000000000000000000002 /* Build configuration list for PBXNativeTarget "MobileAgent" */ = {
			isa = XCConfigurationList;
			buildConfigurations = (A80000000000000000000001 /* Debug */, A80000000000000000000002 /* Release */);
			defaultConfigurationIsVisible = 0;
			defaultConfigurationName = Release;
		};
/* End XCConfigurationList section */
	};
	rootObject = A60000000000000000000001 /* Project object */;
}
